
Microsoft Visual Studio Solution File, Format Version 12.00
# Visual Studio 15
VisualStudioVersion = 15.0.28307.106
MinimumVisualStudioVersion = 10.0.40219.1
Project("{FAE04EC0-301F-11D3-BF4B-00C04F79EFBC}") = "DynamicProgrammingDiceGame", "DynamicProgrammingDiceGame\DynamicProgrammingDiceGame.csproj", "{926787C3-ED81-405E-974D-311D82D849E9}"
EndProject
Global
	GlobalSection(SolutionConfigurationPlatforms) = preSolution
		Debug|Any CPU = Debug|Any CPU
		Release|Any CPU = Release|Any CPU
	EndGlobalSection
	GlobalSection(ProjectConfigurationPlatforms) = postSolution
		{926787C3-ED81-405E-974D-311D82D849E9}.Debug|Any CPU.ActiveCfg = Debug|Any CPU
		{926787C3-ED81-405E-974D-311D82D849E9}.Debug|Any CPU.Build.0 = Debug|Any CPU
		{926787C3-ED81-405E-974D-311D82D849E9}.Release|Any CPU.ActiveCfg = Release|Any CPU
		{926787C3-ED81-405E-974D-311D82D849E9}.Release|Any CPU.Build.0 = Release|Any CPU
	EndGlobalSection
	GlobalSection(SolutionProperties) = preSolution
		HideSolutionNode = FALSE
	EndGlobalSection
	GlobalSection(ExtensibilityGlobals) = postSolution
		SolutionGuid = {47F2608E-9314-4BE0-BFE1-636E94083462}
	EndGlobalSection
EndGlobal
